// !$*UTF8*$!
{
	archiveVersion = 1;
	classes = {
	};
	objectVersion = 46;
	objects = {

/* Begin PBXBuildFile section */
		F25BDE831D508AFD00BF978F /* DTFormatters.swift in Sources */ = {isa = PBXBuildFile; fileRef = F25BDE821D508AFD00BF978F /* DTFormatters.swift */; };
		F25BDE861D592F4C00BF978F /* DataManager.swift in Sources */ = {isa = PBXBuildFile; fileRef = F25BDE851D592F4C00BF978F /* DataManager.swift */; };
		F25BDE881D59F7EF00BF978F /* DefaultSettings.plist in Resources */ = {isa = PBXBuildFile; fileRef = F25BDE871D59F7EF00BF978F /* DefaultSettings.plist */; };
		F25BDE921D5CBFBC00BF978F /* ColorOptionView.swift in Sources */ = {isa = PBXBuildFile; fileRef = F25BDE911D5CBFBC00BF978F /* ColorOptionView.swift */; };
		F2787C1D1D5E2A9800E91A2B /* Event+CoreDataProperties.swift in Sources */ = {isa = PBXBuildFile; fileRef = F2787C1C1D5E2A9800E91A2B /* Event+CoreDataProperties.swift */; };
		F292CB3B1D3FA5850004646B /* AppDelegate.swift in Sources */ = {isa = PBXBuildFile; fileRef = F292CB3A1D3FA5850004646B /* AppDelegate.swift */; };
		F292CB401D3FA5860004646B /* Main.storyboard in Resources */ = {isa = PBXBuildFile; fileRef = F292CB3E1D3FA5860004646B /* Main.storyboard */; };
		F292CB431D3FA5860004646B /* DayPlannerV1.xcdatamodeld in Sources */ = {isa = PBXBuildFile; fileRef = F292CB411D3FA5860004646B /* DayPlannerV1.xcdatamodeld */; };
		F292CB451D3FA5860004646B /* Assets.xcassets in Resources */ = {isa = PBXBuildFile; fileRef = F292CB441D3FA5860004646B /* Assets.xcassets */; };
		F292CB481D3FA5860004646B /* LaunchScreen.storyboard in Resources */ = {isa = PBXBuildFile; fileRef = F292CB461D3FA5860004646B /* LaunchScreen.storyboard */; };
		F292CB501D4002E60004646B /* ContainerViewController.swift in Sources */ = {isa = PBXBuildFile; fileRef = F292CB4F1D4002E60004646B /* ContainerViewController.swift */; };
		F292CB521D4004C00004646B /* CenterViewController.swift in Sources */ = {isa = PBXBuildFile; fileRef = F292CB511D4004C00004646B /* CenterViewController.swift */; };
		F292CB561D4006C30004646B /* LeftPanelViewController.swift in Sources */ = {isa = PBXBuildFile; fileRef = F292CB551D4006C30004646B /* LeftPanelViewController.swift */; };
		F292CB581D4006F00004646B /* RightPanelViewController.swift in Sources */ = {isa = PBXBuildFile; fileRef = F292CB571D4006F00004646B /* RightPanelViewController.swift */; };
		F292CB5B1D4353F30004646B /* TimeSeparator.swift in Sources */ = {isa = PBXBuildFile; fileRef = F292CB5A1D4353F30004646B /* TimeSeparator.swift */; };
		F292CB5D1D44C8580004646B /* EventView.swift in Sources */ = {isa = PBXBuildFile; fileRef = F292CB5C1D44C8580004646B /* EventView.swift */; };
		F292CB5F1D489AF70004646B /* EventDetailsViewController.swift in Sources */ = {isa = PBXBuildFile; fileRef = F292CB5E1D489AF70004646B /* EventDetailsViewController.swift */; };
		F2AAE23B1D6EBDA500FDE04D /* MultiUseTableViewController.swift in Sources */ = {isa = PBXBuildFile; fileRef = F2AAE23A1D6EBDA500FDE04D /* MultiUseTableViewController.swift */; };
		F2F2E4E31D4B343100536D32 /* Event.swift in Sources */ = {isa = PBXBuildFile; fileRef = F2F2E4E11D4B343100536D32 /* Event.swift */; };
/* End PBXBuildFile section */

/* Begin PBXFileReference section */
		F25BDE821D508AFD00BF978F /* DTFormatters.swift */ = {isa = PBXFileReference; fileEncoding = 4; lastKnownFileType = sourcecode.swift; path = DTFormatters.swift; sourceTree = "<group>"; };
		F25BDE851D592F4C00BF978F /* DataManager.swift */ = {isa = PBXFileReference; fileEncoding = 4; lastKnownFileType = sourcecode.swift; path = DataManager.swift; sourceTree = "<group>"; };
		F25BDE871D59F7EF00BF978F /* DefaultSettings.plist */ = {isa = PBXFileReference; fileEncoding = 4; lastKnownFileType = text.plist.xml; path = DefaultSettings.plist; sourceTree = "<group>"; };
		F25BDE911D5CBFBC00BF978F /* ColorOptionView.swift */ = {isa = PBXFileReference; fileEncoding = 4; lastKnownFileType = sourcecode.swift; path = ColorOptionView.swift; sourceTree = "<group>"; };
		F2787C1C1D5E2A9800E91A2B /* Event+CoreDataProperties.swift */ = {isa = PBXFileReference; fileEncoding = 4; lastKnownFileType = sourcecode.swift; name = "Event+CoreDataProperties.swift"; path = "../Event+CoreDataProperties.swift"; sourceTree = "<group>"; };
		F292CB371D3FA5850004646B /* DayPlannerV1.app */ = {isa = PBXFileReference; explicitFileType = wrapper.application; includeInIndex = 0; path = DayPlannerV1.app; sourceTree = BUILT_PRODUCTS_DIR; };
		F292CB3A1D3FA5850004646B /* AppDelegate.swift */ = {isa = PBXFileReference; lastKnownFileType = sourcecode.swift; path = AppDelegate.swift; sourceTree = "<group>"; };
		F292CB3F1D3FA5860004646B /* Base */ = {isa = PBXFileReference; lastKnownFileType = file.storyboard; name = Base; path = Base.lproj/Main.storyboard; sourceTree = "<group>"; };
		F292CB421D3FA5860004646B /* DayPlannerV1.xcdatamodel */ = {isa = PBXFileReference; lastKnownFileType = wrapper.xcdatamodel; path = DayPlannerV1.xcdatamodel; sourceTree = "<group>"; };
		F292CB441D3FA5860004646B /* Assets.xcassets */ = {isa = PBXFileReference; lastKnownFileType = folder.assetcatalog; path = Assets.xcassets; sourceTree = "<group>"; };
		F292CB471D3FA5860004646B /* Base */ = {isa = PBXFileReference; lastKnownFileType = file.storyboard; name = Base; path = Base.lproj/LaunchScreen.storyboard; sourceTree = "<group>"; };
		F292CB491D3FA5860004646B /* Info.plist */ = {isa = PBXFileReference; lastKnownFileType = text.plist.xml; path = Info.plist; sourceTree = "<group>"; };
		F292CB4F1D4002E60004646B /* ContainerViewController.swift */ = {isa = PBXFileReference; fileEncoding = 4; lastKnownFileType = sourcecode.swift; path = ContainerViewController.swift; sourceTree = "<group>"; };
		F292CB511D4004C00004646B /* CenterViewController.swift */ = {isa = PBXFileReference; fileEncoding = 4; lastKnownFileType = sourcecode.swift; path = CenterViewController.swift; sourceTree = "<group>"; };
		F292CB551D4006C30004646B /* LeftPanelViewController.swift */ = {isa = PBXFileReference; fileEncoding = 4; lastKnownFileType = sourcecode.swift; path = LeftPanelViewController.swift; sourceTree = "<group>"; };
		F292CB571D4006F00004646B /* RightPanelViewController.swift */ = {isa = PBXFileReference; fileEncoding = 4; lastKnownFileType = sourcecode.swift; path = RightPanelViewController.swift; sourceTree = "<group>"; };
		F292CB5A1D4353F30004646B /* TimeSeparator.swift */ = {isa = PBXFileReference; fileEncoding = 4; lastKnownFileType = sourcecode.swift; path = TimeSeparator.swift; sourceTree = "<group>"; };
		F292CB5C1D44C8580004646B /* EventView.swift */ = {isa = PBXFileReference; fileEncoding = 4; lastKnownFileType = sourcecode.swift; path = EventView.swift; sourceTree = "<group>"; };
		F292CB5E1D489AF70004646B /* EventDetailsViewController.swift */ = {isa = PBXFileReference; fileEncoding = 4; lastKnownFileType = sourcecode.swift; path = EventDetailsViewController.swift; sourceTree = "<group>"; };
		F2AAE23A1D6EBDA500FDE04D /* MultiUseTableViewController.swift */ = {isa = PBXFileReference; fileEncoding = 4; lastKnownFileType = sourcecode.swift; path = MultiUseTableViewController.swift; sourceTree = "<group>"; };
		F2F2E4E11D4B343100536D32 /* Event.swift */ = {isa = PBXFileReference; fileEncoding = 4; lastKnownFileType = sourcecode.swift; name = Event.swift; path = ../Event.swift; sourceTree = "<group>"; };
/* End PBXFileReference section */

/* Begin PBXFrameworksBuildPhase section */
		F292CB341D3FA5850004646B /* Frameworks */ = {
			isa = PBXFrameworksBuildPhase;
			buildActionMask = 2147483647;
			files = (
			);
			runOnlyForDeploymentPostprocessing = 0;
		};
/* End PBXFrameworksBuildPhase section */

/* Begin PBXGroup section */
		F25BDE841D508B5000BF978F /* Supporting Classes */ = {
			isa = PBXGroup;
			children = (
				F25BDE821D508AFD00BF978F /* DTFormatters.swift */,
				F25BDE851D592F4C00BF978F /* DataManager.swift */,
				F25BDE911D5CBFBC00BF978F /* ColorOptionView.swift */,
			);
			name = "Supporting Classes";
			sourceTree = "<group>";
		};
		F292CB2E1D3FA5850004646B = {
			isa = PBXGroup;
			children = (
				F292CB391D3FA5850004646B /* DayPlannerV1 */,
				F292CB381D3FA5850004646B /* Products */,
			);
			sourceTree = "<group>";
		};
		F292CB381D3FA5850004646B /* Products */ = {
			isa = PBXGroup;
			children = (
				F292CB371D3FA5850004646B /* DayPlannerV1.app */,
			);
			name = Products;
			sourceTree = "<group>";
		};
		F292CB391D3FA5850004646B /* DayPlannerV1 */ = {
			isa = PBXGroup;
			children = (
				F292CB3A1D3FA5850004646B /* AppDelegate.swift */,
				F292CB4F1D4002E60004646B /* ContainerViewController.swift */,
				F292CB3E1D3FA5860004646B /* Main.storyboard */,
				F292CB591D4353A90004646B /* Views */,
				F25BDE841D508B5000BF978F /* Supporting Classes */,
				F2F2E4DF1D4B33DC00536D32 /* Core Data */,
				F292CB441D3FA5860004646B /* Assets.xcassets */,
				F292CB461D3FA5860004646B /* LaunchScreen.storyboard */,
				F292CB491D3FA5860004646B /* Info.plist */,
				F292CB411D3FA5860004646B /* DayPlannerV1.xcdatamodeld */,
			);
			path = DayPlannerV1;
			sourceTree = "<group>";
		};
		F292CB591D4353A90004646B /* Views */ = {
			isa = PBXGroup;
			children = (
				F2AAE2371D6EB94D00FDE04D /* Main View */,
				F2AAE2381D6EB95300FDE04D /* Left View */,
				F2AAE2391D6EB95900FDE04D /* Right View */,
			);
			name = Views;
			sourceTree = "<group>";
		};
		F2AAE2371D6EB94D00FDE04D /* Main View */ = {
			isa = PBXGroup;
			children = (
				F292CB511D4004C00004646B /* CenterViewController.swift */,
				F292CB5A1D4353F30004646B /* TimeSeparator.swift */,
				F292CB5C1D44C8580004646B /* EventView.swift */,
			);
			name = "Main View";
			sourceTree = "<group>";
		};
		F2AAE2381D6EB95300FDE04D /* Left View */ = {
			isa = PBXGroup;
			children = (
				F292CB551D4006C30004646B /* LeftPanelViewController.swift */,
				F2AAE23A1D6EBDA500FDE04D /* MultiUseTableViewController.swift */,
			);
			name = "Left View";
			sourceTree = "<group>";
		};
		F2AAE2391D6EB95900FDE04D /* Right View */ = {
			isa = PBXGroup;
			children = (
				F292CB571D4006F00004646B /* RightPanelViewController.swift */,
				F292CB5E1D489AF70004646B /* EventDetailsViewController.swift */,
			);
			name = "Right View";
			sourceTree = "<group>";
		};
		F2F2E4DF1D4B33DC00536D32 /* Core Data */ = {
			isa = PBXGroup;
			children = (
				F2787C1C1D5E2A9800E91A2B /* Event+CoreDataProperties.swift */,
				F2F2E4E11D4B343100536D32 /* Event.swift */,
				F25BDE871D59F7EF00BF978F /* DefaultSettings.plist */,
			);
			name = "Core Data";
			sourceTree = "<group>";
		};
/* End PBXGroup section */

/* Begin PBXNativeTarget section */
		F292CB361D3FA5850004646B /* DayPlannerV1 */ = {
			isa = PBXNativeTarget;
			buildConfigurationList = F292CB4C1D3FA5860004646B /* Build configuration list for PBXNativeTarget "DayPlannerV1" */;
			buildPhases = (
				F292CB331D3FA5850004646B /* Sources */,
				F292CB341D3FA5850004646B /* Frameworks */,
				F292CB351D3FA5850004646B /* Resources */,
			);
			buildRules = (
			);
			dependencies = (
			);
			name = DayPlannerV1;
			productName = DayPlannerV1;
			productReference = F292CB371D3FA5850004646B /* DayPlannerV1.app */;
			productType = "com.apple.product-type.application";
		};
/* End PBXNativeTarget section */

/* Begin PBXProject section */
		F292CB2F1D3FA5850004646B /* Project object */ = {
			isa = PBXProject;
			attributes = {
				LastSwiftUpdateCheck = 0730;
				LastUpgradeCheck = 0730;
				ORGANIZATIONNAME = "Gavan Pang";
				TargetAttributes = {
					F292CB361D3FA5850004646B = {
						CreatedOnToolsVersion = 7.3.1;
						DevelopmentTeam = 3H842WYYW6;
					};
				};
			};
			buildConfigurationList = F292CB321D3FA5850004646B /* Build configuration list for PBXProject "DayPlannerV1" */;
			compatibilityVersion = "Xcode 3.2";
			developmentRegion = English;
			hasScannedForEncodings = 0;
			knownRegions = (
				en,
				Base,
			);
			mainGroup = F292CB2E1D3FA5850004646B;
			productRefGroup = F292CB381D3FA5850004646B /* Products */;
			projectDirPath = "";
			projectRoot = "";
			targets = (
				F292CB361D3FA5850004646B /* DayPlannerV1 */,
			);
		};
/* End PBXProject section */

/* Begin PBXResourcesBuildPhase section */
		F292CB351D3FA5850004646B /* Resources */ = {
			isa = PBXResourcesBuildPhase;
			buildActionMask = 2147483647;
			files = (
				F292CB481D3FA5860004646B /* LaunchScreen.storyboard in Resources */,
				F25BDE881D59F7EF00BF978F /* DefaultSettings.plist in Resources */,
				F292CB451D3FA5860004646B /* Assets.xcassets in Resources */,
				F292CB401D3FA5860004646B /* Main.storyboard in Resources */,
			);
			runOnlyForDeploymentPostprocessing = 0;
		};
/* End PBXResourcesBuildPhase section */

/* Begin PBXSourcesBuildPhase section */
		F292CB331D3FA5850004646B /* Sources */ = {
			isa = PBXSourcesBuildPhase;
			buildActionMask = 2147483647;
			files = (
				F25BDE831D508AFD00BF978F /* DTFormatters.swift in Sources */,
				F292CB3B1D3FA5850004646B /* AppDelegate.swift in Sources */,
				F292CB581D4006F00004646B /* RightPanelViewController.swift in Sources */,
				F292CB501D4002E60004646B /* ContainerViewController.swift in Sources */,
				F292CB561D4006C30004646B /* LeftPanelViewController.swift in Sources */,
				F292CB431D3FA5860004646B /* DayPlannerV1.xcdatamodeld in Sources */,
				F292CB521D4004C00004646B /* CenterViewController.swift in Sources */,
				F292CB5F1D489AF70004646B /* EventDetailsViewController.swift in Sources */,
				F25BDE921D5CBFBC00BF978F /* ColorOptionView.swift in Sources */,
				F292CB5B1D4353F30004646B /* TimeSeparator.swift in Sources */,
				F2AAE23B1D6EBDA500FDE04D /* MultiUseTableViewController.swift in Sources */,
				F2787C1D1D5E2A9800E91A2B /* Event+CoreDataProperties.swift in Sources */,
				F292CB5D1D44C8580004646B /* EventView.swift in Sources */,
				F25BDE861D592F4C00BF978F /* DataManager.swift in Sources */,
				F2F2E4E31D4B343100536D32 /* Event.swift in Sources */,
			);
			runOnlyForDeploymentPostprocessing = 0;
		};
/* End PBXSourcesBuildPhase section */

/* Begin PBXVariantGroup section */
		F292CB3E1D3FA5860004646B /* Main.storyboard */ = {
			isa = PBXVariantGroup;
			children = (
				F292CB3F1D3FA5860004646B /* Base */,
			);
			name = Main.storyboard;
			sourceTree = "<group>";
		};
		F292CB461D3FA5860004646B /* LaunchScreen.storyboard */ = {
			isa = PBXVariantGroup;
			children = (
				F292CB471D3FA5860004646B /* Base */,
			);
			name = LaunchScreen.storyboard;
			sourceTree = "<group>";
		};
/* End PBXVariantGroup section */

/* Begin XCBuildConfiguration section */
		F292CB4A1D3FA5860004646B /* Debug */ = {
			isa = XCBuildConfiguration;
			buildSettings = {
				ALWAYS_SEARCH_USER_PATHS = NO;
				CLANG_ANALYZER_NONNULL = YES;
				CLANG_CXX_LANGUAGE_STANDARD = "gnu++0x";
				CLANG_CXX_LIBRARY = "libc++";
				CLANG_ENABLE_MODULES = YES;
				CLANG_ENABLE_OBJC_ARC = YES;
				CLANG_WARN_BOOL_CONVERSION = YES;
				CLANG_WARN_CONSTANT_CONVERSION = YES;
				CLANG_WARN_DIRECT_OBJC_ISA_USAGE = YES_ERROR;
				CLANG_WARN_EMPTY_BODY = YES;
				CLANG_WARN_ENUM_CONVERSION = YES;
				CLANG_WARN_INT_CONVERSION = YES;
				CLANG_WARN_OBJC_ROOT_CLASS = YES_ERROR;
				CLANG_WARN_UNREACHABLE_CODE = YES;
				CLANG_WARN__DUPLICATE_METHOD_MATCH = YES;
				"CODE_SIGN_IDENTITY[sdk=iphoneos*]" = "iPhone Developer";
				COPY_PHASE_STRIP = NO;
				DEBUG_INFORMATION_FORMAT = dwarf;
				ENABLE_STRICT_OBJC_MSGSEND = YES;
				ENABLE_TESTABILITY = YES;
				GCC_C_LANGUAGE_STANDARD = gnu99;
				GCC_DYNAMIC_NO_PIC = NO;
				GCC_NO_COMMON_BLOCKS = YES;
				GCC_OPTIMIZATION_LEVEL = 0;
				GCC_PREPROCESSOR_DEFINITIONS = (
					"DEBUG=1",
					"$(inherited)",
				);
				GCC_WARN_64_TO_32_BIT_CONVERSION = YES;
				GCC_WARN_ABOUT_RETURN_TYPE = YES_ERROR;
				GCC_WARN_UNDECLARED_SELECTOR = YES;
				GCC_WARN_UNINITIALIZED_AUTOS = YES_AGGRESSIVE;
				GCC_WARN_UNUSED_FUNCTION = YES;
				GCC_WARN_UNUSED_VARIABLE = YES;
				IPHONEOS_DEPLOYMENT_TARGET = 9.3;
				MTL_ENABLE_DEBUG_INFO = YES;
				ONLY_ACTIVE_ARCH = YES;
				SDKROOT = iphoneos;
				SWIFT_OPTIMIZATION_LEVEL = "-Onone";
			};
			name = Debug;
		};
		F292CB4B1D3FA5860004646B /* Release */ = {
			isa = XCBuildConfiguration;
			buildSettings = {
				ALWAYS_SEARCH_USER_PATHS = NO;
				CLANG_ANALYZER_NONNULL = YES;
				CLANG_CXX_LANGUAGE_STANDARD = "gnu++0x";
				CLANG_CXX_LIBRARY = "libc++";
				CLANG_ENABLE_MODULES = YES;
				CLANG_ENABLE_OBJC_ARC = YES;
				CLANG_WARN_BOOL_CONVERSION = YES;
				CLANG_WARN_CONSTANT_CONVERSION = YES;
				CLANG_WARN_DIRECT_OBJC_ISA_USAGE = YES_ERROR;
				CLANG_WARN_EMPTY_BODY = YES;
				CLANG_WARN_ENUM_CONVERSION = YES;
				CLANG_WARN_INT_CONVERSION = YES;
				CLANG_WARN_OBJC_ROOT_CLASS = YES_ERROR;
				CLANG_WARN_UNREACHABLE_CODE = YES;
				CLANG_WARN__DUPLICATE_METHOD_MATCH = YES;
				"CODE_SIGN_IDENTITY[sdk=iphoneos*]" = "iPhone Developer";
				COPY_PHASE_STRIP = NO;
				DEBUG_INFORMATION_FORMAT = "dwarf-with-dsym";
				ENABLE_NS_ASSERTIONS = NO;
				ENABLE_STRICT_OBJC_MSGSEND = YES;
				GCC_C_LANGUAGE_STANDARD = gnu99;
				GCC_NO_COMMON_BLOCKS = YES;
				GCC_WARN_64_TO_32_BIT_CONVERSION = YES;
				GCC_WARN_ABOUT_RETURN_TYPE = YES_ERROR;
				GCC_WARN_UNDECLARED_SELECTOR = YES;
				GCC_WARN_UNINITIALIZED_AUTOS = YES_AGGRESSIVE;
				GCC_WARN_UNUSED_FUNCTION = YES;
				GCC_WARN_UNUSED_VARIABLE = YES;
				IPHONEOS_DEPLOYMENT_TARGET = 9.3;
				MTL_ENABLE_DEBUG_INFO = NO;
				SDKROOT = iphoneos;
				VALIDATE_PRODUCT = YES;
			};
			name = Release;
		};
		F292CB4D1D3FA5860004646B /* Debug */ = {
			isa = XCBuildConfiguration;
			buildSettings = {
				ASSETCATALOG_COMPILER_APPICON_NAME = AppIcon;
				CLANG_ENABLE_MODULES = YES;
				INFOPLIST_FILE = DayPlannerV1/Info.plist;
				LD_RUNPATH_SEARCH_PATHS = "$(inherited) @executable_path/Frameworks";
				PRODUCT_BUNDLE_IDENTIFIER = com.GavanPang.DayPlannerV1;
				PRODUCT_NAME = "$(TARGET_NAME)";
				SWIFT_OPTIMIZATION_LEVEL = "-Onone";
			};
			name = Debug;
		};
		F292CB4E1D3FA5860004646B /* Release */ = {
			isa = XCBuildConfiguration;
			buildSettings = {
				ASSETCATALOG_COMPILER_APPICON_NAME = AppIcon;
				CLANG_ENABLE_MODULES = YES;
				INFOPLIST_FILE = DayPlannerV1/Info.plist;
				LD_RUNPATH_SEARCH_PATHS = "$(inherited) @executable_path/Frameworks";
				PRODUCT_BUNDLE_IDENTIFIER = com.GavanPang.DayPlannerV1;
				PRODUCT_NAME = "$(TARGET_NAME)";
			};
			name = Release;
		};
/* End XCBuildConfiguration section */

/* Begin XCConfigurationList section */
		F292CB321D3FA5850004646B /* Build configuration list for PBXProject "DayPlannerV1" */ = {
			isa = XCConfigurationList;
			buildConfigurations = (
				F292CB4A1D3FA5860004646B /* Debug */,
				F292CB4B1D3FA5860004646B /* Release */,
			);
			defaultConfigurationIsVisible = 0;
			defaultConfigurationName = Release;
		};
		F292CB4C1D3FA5860004646B /* Build configuration list for PBXNativeTarget "DayPlannerV1" */ = {
			isa = XCConfigurationList;
			buildConfigurations = (
				F292CB4D1D3FA5860004646B /* Debug */,
				F292CB4E1D3FA5860004646B /* Release */,
			);
			defaultConfigurationIsVisible = 0;
			defaultConfigurationName = Release;
		};
/* End XCConfigurationList section */

/* Begin XCVersionGroup section */
		F292CB411D3FA5860004646B /* DayPlannerV1.xcdatamodeld */ = {
			isa = XCVersionGroup;
			children = (
				F292CB421D3FA5860004646B /* DayPlannerV1.xcdatamodel */,
			);
			currentVersion = F292CB421D3FA5860004646B /* DayPlannerV1.xcdatamodel */;
			path = DayPlannerV1.xcdatamodeld;
			sourceTree = "<group>";
			versionGroupType = wrapper.xcdatamodel;
		};
/* End XCVersionGroup section */
	};
	rootObject = F292CB2F1D3FA5850004646B /* Project object */;
}
